
Microsoft Visual Studio Solution File, Format Version 12.00
# Visual Studio Version 16
VisualStudioVersion = 16.0.31019.35
MinimumVisualStudioVersion = 10.0.40219.1
Project("{FAE04EC0-301F-11D3-BF4B-00C04F79EFBC}") = "WebAPICore", "WebAPICore\WebAPICore.csproj", "{95CACD25-3649-4046-A865-2AA4EFA970A3}"
EndProject
Project("{FAE04EC0-301F-11D3-BF4B-00C04F79EFBC}") = "WebAPICore.Test", "WebAPICore.Test\WebAPICore.Test.csproj", "{0E25E433-4641-48CA-B285-52271D4C2AD6}"
EndProject
Global
	GlobalSection(SolutionConfigurationPlatforms) = preSolution
		Debug|Any CPU = Debug|Any CPU
		Release|Any CPU = Release|Any CPU
	EndGlobalSection
	GlobalSection(ProjectConfigurationPlatforms) = postSolution
		{95CACD25-3649-4046-A865-2AA4EFA970A3}.Debug|Any CPU.ActiveCfg = Debug|Any CPU
		{95CACD25-3649-4046-A865-2AA4EFA970A3}.Debug|Any CPU.Build.0 = Debug|Any CPU
		{95CACD25-3649-4046-A865-2AA4EFA970A3}.Release|Any CPU.ActiveCfg = Release|Any CPU
		{95CACD25-3649-4046-A865-2AA4EFA970A3}.Release|Any CPU.Build.0 = Release|Any CPU
		{0E25E433-4641-48CA-B285-52271D4C2AD6}.Debug|Any CPU.ActiveCfg = Debug|Any CPU
		{0E25E433-4641-48CA-B285-52271D4C2AD6}.Debug|Any CPU.Build.0 = Debug|Any CPU
		{0E25E433-4641-48CA-B285-52271D4C2AD6}.Release|Any CPU.ActiveCfg = Release|Any CPU
		{0E25E433-4641-48CA-B285-52271D4C2AD6}.Release|Any CPU.Build.0 = Release|Any CPU
	EndGlobalSection
	GlobalSection(SolutionProperties) = preSolution
		HideSolutionNode = FALSE
	EndGlobalSection
	GlobalSection(ExtensibilityGlobals) = postSolution
		SolutionGuid = {D9852E6C-BDFE-4A71-BAFF-B2F51892EC1C}
	EndGlobalSection
EndGlobal
